
Microsoft Visual Studio Solution File, Format Version 12.00
# Visual Studio Version 17
VisualStudioVersion = 17.1.32414.318
MinimumVisualStudioVersion = 10.0.40219.1
Project("{9A19103F-16F7-4668-BE54-9A1E7A4F7556}") = "PeliculasWebAPI", "PeliculasWebAPI\PeliculasWebAPI.csproj", "{B1F9A923-E786-46EB-AA8E-77FE717D4A4D}"
EndProject
Project("{FAE04EC0-301F-11D3-BF4B-00C04F79EFBC}") = "PeliculasAPIPruebas", "PeliculasAPIPruebas\PeliculasAPIPruebas.csproj", "{1B53B465-7758-4D16-A713-526D34C8A083}"
EndProject
Global
	GlobalSection(SolutionConfigurationPlatforms) = preSolution
		Debug|Any CPU = Debug|Any CPU
		Release|Any CPU = Release|Any CPU
	EndGlobalSection
	GlobalSection(ProjectConfigurationPlatforms) = postSolution
		{B1F9A923-E786-46EB-AA8E-77FE717D4A4D}.Debug|Any CPU.ActiveCfg = Debug|Any CPU
		{B1F9A923-E786-46EB-AA8E-77FE717D4A4D}.Debug|Any CPU.Build.0 = Debug|Any CPU
		{B1F9A923-E786-46EB-AA8E-77FE717D4A4D}.Release|Any CPU.ActiveCfg = Release|Any CPU
		{B1F9A923-E786-46EB-AA8E-77FE717D4A4D}.Release|Any CPU.Build.0 = Release|Any CPU
		{1B53B465-7758-4D16-A713-526D34C8A083}.Debug|Any CPU.ActiveCfg = Debug|Any CPU
		{1B53B465-7758-4D16-A713-526D34C8A083}.Debug|Any CPU.Build.0 = Debug|Any CPU
		{1B53B465-7758-4D16-A713-526D34C8A083}.Release|Any CPU.ActiveCfg = Release|Any CPU
		{1B53B465-7758-4D16-A713-526D34C8A083}.Release|Any CPU.Build.0 = Release|Any CPU
	EndGlobalSection
	GlobalSection(SolutionProperties) = preSolution
		HideSolutionNode = FALSE
	EndGlobalSection
	GlobalSection(ExtensibilityGlobals) = postSolution
		SolutionGuid = {314BEB0E-1C6B-49FE-8E6E-B34A269B622D}
	EndGlobalSection
EndGlobal
